[[package]]
name = "cc"
version = "1.0.12"
source = "registry+https://github.com/rust-lang/crates.io-index"

[[package]]
name = "tmux-rs"
version = "0.1.0"
dependencies = [
 "cc 1.0.12 (registry+https://github.com/rust-lang/crates.io-index)",
]

[metadata]
"checksum cc 1.0.12 (registry+https://github.com/rust-lang/crates.io-index)" = "a9b90658a0d04c19acb58f07c9076948d3a716db1039674430c94e4aec88de20"
